
Microsoft Visual Studio Solution File, Format Version 12.00
# Visual Studio Version 17
VisualStudioVersion = 17.9.34607.119
MinimumVisualStudioVersion = 10.0.40219.1
Project("{8BC9CEB8-8B4A-11D0-8D11-00A0C91BC942}") = "DSA BINARY SEARCH", "DSA BINARY SEARCH\DSA BINARY SEARCH.vcxproj", "{76876AC3-924C-4853-B38D-FD8DB3916ECC}"
EndProject
Global
	GlobalSection(SolutionConfigurationPlatforms) = preSolution
		Debug|x64 = Debug|x64
		Debug|x86 = Debug|x86
		Release|x64 = Release|x64
		Release|x86 = Release|x86
	EndGlobalSection
	GlobalSection(ProjectConfigurationPlatforms) = postSolution
		{76876AC3-924C-4853-B38D-FD8DB3916ECC}.Debug|x64.ActiveCfg = Debug|x64
		{76876AC3-924C-4853-B38D-FD8DB3916ECC}.Debug|x64.Build.0 = Debug|x64
		{76876AC3-924C-4853-B38D-FD8DB3916ECC}.Debug|x86.ActiveCfg = Debug|Win32
		{76876AC3-924C-4853-B38D-FD8DB3916ECC}.Debug|x86.Build.0 = Debug|Win32
		{76876AC3-924C-4853-B38D-FD8DB3916ECC}.Release|x64.ActiveCfg = Release|x64
		{76876AC3-924C-4853-B38D-FD8DB3916ECC}.Release|x64.Build.0 = Release|x64
		{76876AC3-924C-4853-B38D-FD8DB3916ECC}.Release|x86.ActiveCfg = Release|Win32
		{76876AC3-924C-4853-B38D-FD8DB3916ECC}.Release|x86.Build.0 = Release|Win32
	EndGlobalSection
	GlobalSection(SolutionProperties) = preSolution
		HideSolutionNode = FALSE
	EndGlobalSection
	GlobalSection(ExtensibilityGlobals) = postSolution
		SolutionGuid = {624DB5BA-870F-40A8-923F-43B6236E9729}
	EndGlobalSection
EndGlobal
